version = 1
requires-python = ">=3.12"

[[package]]
name = "asgiref"
version = "3.8.1"
source = { registry = "https://pypi.org/simple" }
sdist = { url = "https://files.pythonhosted.org/packages/29/38/b3395cc9ad1b56d2ddac9970bc8f4141312dbaec28bc7c218b0dfafd0f42/asgiref-3.8.1.tar.gz", hash = "sha256:c343bd80a0bec947a9860adb4c432ffa7db769836c64238fc34bdc3fec84d590", size = 35186 }
wheels = [
    { url = "https://files.pythonhosted.org/packages/39/e3/893e8757be2612e6c266d9bb58ad2e3651524b5b40cf56761e985a28b13e/asgiref-3.8.1-py3-none-any.whl", hash = "sha256:3e1e3ecc849832fe52ccf2cb6686b7a55f82bb1d6aee72a58826471390335e47", size = 23828 },
]

[[package]]
name = "django"
version = "5.1.4"
source = { registry = "https://pypi.org/simple" }
dependencies = [
    { name = "asgiref" },
    { name = "sqlparse" },
    { name = "tzdata", marker = "sys_platform == 'win32'" },
]
sdist = { url = "https://files.pythonhosted.org/packages/d3/e8/536555596dbb79f6e77418aeb40bdc1758c26725aba31919ba449e6d5e6a/Django-5.1.4.tar.gz", hash = "sha256:de450c09e91879fa5a307f696e57c851955c910a438a35e6b4c895e86bedc82a", size = 10716397 }
wheels = [
    { url = "https://files.pythonhosted.org/packages/58/0b/8a4ab2c02982df4ed41e29f28f189459a7eba37899438e6bea7f39db793b/Django-5.1.4-py3-none-any.whl", hash = "sha256:236e023f021f5ce7dee5779de7b286565fdea5f4ab86bae5338e3f7b69896cf0", size = 8276471 },
]

[[package]]
name = "django-bridge"
version = "0.3"
source = { registry = "https://pypi.org/simple" }
dependencies = [
    { name = "django" },
    { name = "telepath" },
]
sdist = { url = "https://files.pythonhosted.org/packages/de/b3/ac23d9fdb68211a13286da8e16619c0b1a556248599a12be4363f4318d53/django-bridge-0.3.tar.gz", hash = "sha256:79ccd123c0d904f037857812ee9abcadd4d5ff10dcfd992134d48cbfb5b6075f", size = 10496 }
wheels = [
    { url = "https://files.pythonhosted.org/packages/b3/e6/32fdf74e9df02b67fea60358c90bff10a20cbc30af96e6c3638621c12968/django_bridge-0.3-py3-none-any.whl", hash = "sha256:c39f33e0d53746145152e91b06577635db5ea81eedb9204d205d747cff286513", size = 11747 },
]

[[package]]
name = "meerge-africa-saas"
version = "0.1.0"
source = { virtual = "." }
dependencies = [
    { name = "django-bridge" },
    { name = "rest-framework-simplejwt" },
]

[package.metadata]
requires-dist = [
    { name = "django-bridge", specifier = ">=0.3" },
    { name = "rest-framework-simplejwt", specifier = ">=0.0.2" },
]

[[package]]
name = "rest-framework-simplejwt"
version = "0.0.2"
source = { registry = "https://pypi.org/simple" }
sdist = { url = "https://files.pythonhosted.org/packages/b3/82/b33aeec7825b6c97dececb80234dacf458ee337727c5c00d4592182913b1/rest_framework_simplejwt-0.0.2.tar.gz", hash = "sha256:035187ce5380e18e8b966610a89b6460fb4b73cd179979343888fb190328125d", size = 2176 }
wheels = [
    { url = "https://files.pythonhosted.org/packages/28/de/60ad25b09eb586d8b63b5246cce264b10055a4e09e4bb5aca9e9ec374807/rest_framework_simplejwt-0.0.2-py3-none-any.whl", hash = "sha256:620c56826ff4791c4aaa730ec52aed1f4c74b9c20ea15b9fc1a39bdf99a29a30", size = 2832 },
]

[[package]]
name = "sqlparse"
version = "0.5.3"
source = { registry = "https://pypi.org/simple" }
sdist = { url = "https://files.pythonhosted.org/packages/e5/40/edede8dd6977b0d3da179a342c198ed100dd2aba4be081861ee5911e4da4/sqlparse-0.5.3.tar.gz", hash = "sha256:09f67787f56a0b16ecdbde1bfc7f5d9c3371ca683cfeaa8e6ff60b4807ec9272", size = 84999 }
wheels = [
    { url = "https://files.pythonhosted.org/packages/a9/5c/bfd6bd0bf979426d405cc6e71eceb8701b148b16c21d2dc3c261efc61c7b/sqlparse-0.5.3-py3-none-any.whl", hash = "sha256:cf2196ed3418f3ba5de6af7e82c694a9fbdbfecccdfc72e281548517081f16ca", size = 44415 },
]

[[package]]
name = "telepath"
version = "0.3.1"
source = { registry = "https://pypi.org/simple" }
sdist = { url = "https://files.pythonhosted.org/packages/65/58/5de8765687d6f9dfcbb72c89251036c3b901126404f872b936b13377a3fe/telepath-0.3.1.tar.gz", hash = "sha256:925c0609e0a8a6488ec4a55b19d485882cf72223b2b19fe2359a50fddd813c9c", size = 11622 }
wheels = [
    { url = "https://files.pythonhosted.org/packages/5f/50/0f246d316f223b14ba5a88fbe2ff0b480d4a6064b866d48008dd57fd5930/telepath-0.3.1-py38-none-any.whl", hash = "sha256:c280aa8e77ad71ce80e96500a4e4d4a32f35b7e0b52e896bb5fde9a5bcf0699a", size = 10926 },
]

[[package]]
name = "tzdata"
version = "2024.2"
source = { registry = "https://pypi.org/simple" }
sdist = { url = "https://files.pythonhosted.org/packages/e1/34/943888654477a574a86a98e9896bae89c7aa15078ec29f490fef2f1e5384/tzdata-2024.2.tar.gz", hash = "sha256:7d85cc416e9382e69095b7bdf4afd9e3880418a2413feec7069d533d6b4e31cc", size = 193282 }
wheels = [
    { url = "https://files.pythonhosted.org/packages/a6/ab/7e5f53c3b9d14972843a647d8d7a853969a58aecc7559cb3267302c94774/tzdata-2024.2-py2.py3-none-any.whl", hash = "sha256:a48093786cdcde33cad18c2555e8532f34422074448fbc874186f0abd79565cd", size = 346586 },
]
